{
    "name": "vscode-l",
    "version": "0.0.0",
    "lockfileVersion": 2,
    "requires": true,
    "packages": {
        "": {
            "name": "vscode-l",
            "version": "0.0.0",
            "license": "ISC",
            "dependencies": {
                "l": "github:panlina/l"
            },
            "devDependencies": {
                "@types/vscode": "^1.61.0",
                "typescript": "^4.7.4"
            },
            "engines": {
                "vscode": "^1.61.0"
            }
        },
        "node_modules/@types/vscode": {
            "version": "1.68.1",
            "resolved": "https://registry.npmjs.org/@types/vscode/-/vscode-1.68.1.tgz",
            "integrity": "sha512-fXlaq13NT5yHh6yZ3c+UxXloTSk34mIvsNFYyQCeO5Po2BLFAwz7EZT4kQ43B64/aPcnAenyWy3QasrTofBOnQ==",
            "dev": true
        },
        "node_modules/d": {
            "version": "1.0.1",
            "resolved": "https://registry.npmjs.org/d/-/d-1.0.1.tgz",
            "integrity": "sha512-m62ShEObQ39CfralilEQRjH6oAMtNCV1xJyEx5LpRYUVN+EviphDgUc/F3hnYbADmkiNs67Y+3ylmlG7Lnu+FA==",
            "dependencies": {
                "es5-ext": "^0.10.50",
                "type": "^1.0.1"
            }
        },
        "node_modules/es5-ext": {
            "version": "0.10.61",
            "resolved": "https://registry.npmjs.org/es5-ext/-/es5-ext-0.10.61.tgz",
            "integrity": "sha512-yFhIqQAzu2Ca2I4SE2Au3rxVfmohU9Y7wqGR+s7+H7krk26NXhIRAZDgqd6xqjCEFUomDEA3/Bo/7fKmIkW1kA==",
            "hasInstallScript": true,
            "dependencies": {
                "es6-iterator": "^2.0.3",
                "es6-symbol": "^3.1.3",
                "next-tick": "^1.1.0"
            },
            "engines": {
                "node": ">=0.10"
            }
        },
        "node_modules/es6-iterator": {
            "version": "2.0.3",
            "resolved": "https://registry.npmjs.org/es6-iterator/-/es6-iterator-2.0.3.tgz",
            "integrity": "sha512-zw4SRzoUkd+cl+ZoE15A9o1oQd920Bb0iOJMQkQhl3jNc03YqVjAhG7scf9C5KWRU/R13Orf588uCC6525o02g==",
            "dependencies": {
                "d": "1",
                "es5-ext": "^0.10.35",
                "es6-symbol": "^3.1.1"
            }
        },
        "node_modules/es6-symbol": {
            "version": "3.1.3",
            "resolved": "https://registry.npmjs.org/es6-symbol/-/es6-symbol-3.1.3.tgz",
            "integrity": "sha512-NJ6Yn3FuDinBaBRWl/q5X/s4koRHBrgKAu+yGI6JCBeiu3qrcbJhwT2GeR/EXVfylRk8dpQVJoLEFhK+Mu31NA==",
            "dependencies": {
                "d": "^1.0.1",
                "ext": "^1.1.2"
            }
        },
        "node_modules/ext": {
            "version": "1.6.0",
            "resolved": "https://registry.npmjs.org/ext/-/ext-1.6.0.tgz",
            "integrity": "sha512-sdBImtzkq2HpkdRLtlLWDa6w4DX22ijZLKx8BMPUuKe1c5lbN6xwQDQCxSfxBQnHZ13ls/FH0MQZx/q/gr6FQg==",
            "dependencies": {
                "type": "^2.5.0"
            }
        },
        "node_modules/ext/node_modules/type": {
            "version": "2.6.0",
            "resolved": "https://registry.npmjs.org/type/-/type-2.6.0.tgz",
            "integrity": "sha512-eiDBDOmkih5pMbo9OqsqPRGMljLodLcwd5XD5JbtNB0o89xZAwynY9EdCDsJU7LtcVCClu9DvM7/0Ep1hYX3EQ=="
        },
        "node_modules/inherits": {
            "version": "2.0.4",
            "resolved": "https://registry.npmjs.org/inherits/-/inherits-2.0.4.tgz",
            "integrity": "sha512-k/vGaX4/Yla3WzyMCvTQOXYeIHvqOKtnqBduzTHpzpQZzAskKMhZ2K+EnBiSM9zGSoIFeMpXKxa4dYeZIQqewQ=="
        },
        "node_modules/is-buffer": {
            "version": "1.1.6",
            "resolved": "https://registry.npmjs.org/is-buffer/-/is-buffer-1.1.6.tgz",
            "integrity": "sha512-NcdALwpXkTm5Zvvbk7owOUSvVvBKDgKP5/ewfXEznmQFfs4ZRmanOeKBTjRVjka3QFoN6XJ+9F3USqfHqTaU5w=="
        },
        "node_modules/l": {
            "version": "0.0.0",
            "resolved": "git+ssh://git@github.com/panlina/l.git#10c224365aa6b7a847b63a567c624dd2cab8bb38",
            "license": "ISC",
            "dependencies": {
                "lodash.groupby": "^4.6.0",
                "ohm-js": "^0.14.0",
                "traverse": "^0.6.6"
            }
        },
        "node_modules/lodash.groupby": {
            "version": "4.6.0",
            "resolved": "https://registry.npmjs.org/lodash.groupby/-/lodash.groupby-4.6.0.tgz",
            "integrity": "sha512-5dcWxm23+VAoz+awKmBaiBvzox8+RqMgFhi7UvX9DHZr2HdxHXM/Wrf8cfKpsW37RNrvtPn6hSwNqurSILbmJw=="
        },
        "node_modules/next-tick": {
            "version": "1.1.0",
            "resolved": "https://registry.npmjs.org/next-tick/-/next-tick-1.1.0.tgz",
            "integrity": "sha512-CXdUiJembsNjuToQvxayPZF9Vqht7hewsvy2sOWafLvi2awflj9mOC6bHIg50orX8IJvWKY9wYQ/zB2kogPslQ=="
        },
        "node_modules/ohm-js": {
            "version": "0.14.0",
            "resolved": "https://registry.npmjs.org/ohm-js/-/ohm-js-0.14.0.tgz",
            "integrity": "sha512-Iuiapfkaf0ZdvuJo9thtE57BT93uNOSIb3/DtwuBNBJiiT28ALzTg++w3HoAXWbQBYPem9Bd8BaNJcDYoABWUA==",
            "hasInstallScript": true,
            "dependencies": {
                "es6-symbol": "^3.1.0",
                "inherits": "^2.0.3",
                "is-buffer": "^1.1.4",
                "util-extend": "^1.0.3"
            },
            "bin": {
                "ohm-js": "src/ohm-cmd.js"
            },
            "engines": {
                "node": ">=0.12.1"
            }
        },
        "node_modules/traverse": {
            "version": "0.6.6",
            "resolved": "https://registry.npmjs.org/traverse/-/traverse-0.6.6.tgz",
            "integrity": "sha512-kdf4JKs8lbARxWdp7RKdNzoJBhGUcIalSYibuGyHJbmk40pOysQ0+QPvlkCOICOivDWU2IJo2rkrxyTK2AH4fw=="
        },
        "node_modules/type": {
            "version": "1.2.0",
            "resolved": "https://registry.npmjs.org/type/-/type-1.2.0.tgz",
            "integrity": "sha512-+5nt5AAniqsCnu2cEQQdpzCAh33kVx8n0VoFidKpB1dVVLAN/F+bgVOqOJqOnEnrhp222clB5p3vUlD+1QAnfg=="
        },
        "node_modules/typescript": {
            "version": "4.7.4",
            "resolved": "https://registry.npmjs.org/typescript/-/typescript-4.7.4.tgz",
            "integrity": "sha512-C0WQT0gezHuw6AdY1M2jxUO83Rjf0HP7Sk1DtXj6j1EwkQNZrHAg2XPWlq62oqEhYvONq5pkC2Y9oPljWToLmQ==",
            "dev": true,
            "bin": {
                "tsc": "bin/tsc",
                "tsserver": "bin/tsserver"
            },
            "engines": {
                "node": ">=4.2.0"
            }
        },
        "node_modules/util-extend": {
            "version": "1.0.3",
            "resolved": "https://registry.npmjs.org/util-extend/-/util-extend-1.0.3.tgz",
            "integrity": "sha512-mLs5zAK+ctllYBj+iAQvlDCwoxU/WDOUaJkcFudeiAX6OajC6BKXJUa9a+tbtkC11dz2Ufb7h0lyvIOVn4LADA=="
        }
    },
    "dependencies": {
        "@types/vscode": {
            "version": "1.68.1",
            "resolved": "https://registry.npmjs.org/@types/vscode/-/vscode-1.68.1.tgz",
            "integrity": "sha512-fXlaq13NT5yHh6yZ3c+UxXloTSk34mIvsNFYyQCeO5Po2BLFAwz7EZT4kQ43B64/aPcnAenyWy3QasrTofBOnQ==",
            "dev": true
        },
        "d": {
            "version": "1.0.1",
            "resolved": "https://registry.npmjs.org/d/-/d-1.0.1.tgz",
            "integrity": "sha512-m62ShEObQ39CfralilEQRjH6oAMtNCV1xJyEx5LpRYUVN+EviphDgUc/F3hnYbADmkiNs67Y+3ylmlG7Lnu+FA==",
            "requires": {
                "es5-ext": "^0.10.50",
                "type": "^1.0.1"
            }
        },
        "es5-ext": {
            "version": "0.10.61",
            "resolved": "https://registry.npmjs.org/es5-ext/-/es5-ext-0.10.61.tgz",
            "integrity": "sha512-yFhIqQAzu2Ca2I4SE2Au3rxVfmohU9Y7wqGR+s7+H7krk26NXhIRAZDgqd6xqjCEFUomDEA3/Bo/7fKmIkW1kA==",
            "requires": {
                "es6-iterator": "^2.0.3",
                "es6-symbol": "^3.1.3",
                "next-tick": "^1.1.0"
            }
        },
        "es6-iterator": {
            "version": "2.0.3",
            "resolved": "https://registry.npmjs.org/es6-iterator/-/es6-iterator-2.0.3.tgz",
            "integrity": "sha512-zw4SRzoUkd+cl+ZoE15A9o1oQd920Bb0iOJMQkQhl3jNc03YqVjAhG7scf9C5KWRU/R13Orf588uCC6525o02g==",
            "requires": {
                "d": "1",
                "es5-ext": "^0.10.35",
                "es6-symbol": "^3.1.1"
            }
        },
        "es6-symbol": {
            "version": "3.1.3",
            "resolved": "https://registry.npmjs.org/es6-symbol/-/es6-symbol-3.1.3.tgz",
            "integrity": "sha512-NJ6Yn3FuDinBaBRWl/q5X/s4koRHBrgKAu+yGI6JCBeiu3qrcbJhwT2GeR/EXVfylRk8dpQVJoLEFhK+Mu31NA==",
            "requires": {
                "d": "^1.0.1",
                "ext": "^1.1.2"
            }
        },
        "ext": {
            "version": "1.6.0",
            "resolved": "https://registry.npmjs.org/ext/-/ext-1.6.0.tgz",
            "integrity": "sha512-sdBImtzkq2HpkdRLtlLWDa6w4DX22ijZLKx8BMPUuKe1c5lbN6xwQDQCxSfxBQnHZ13ls/FH0MQZx/q/gr6FQg==",
            "requires": {
                "type": "^2.5.0"
            },
            "dependencies": {
                "type": {
                    "version": "2.6.0",
                    "resolved": "https://registry.npmjs.org/type/-/type-2.6.0.tgz",
                    "integrity": "sha512-eiDBDOmkih5pMbo9OqsqPRGMljLodLcwd5XD5JbtNB0o89xZAwynY9EdCDsJU7LtcVCClu9DvM7/0Ep1hYX3EQ=="
                }
            }
        },
        "inherits": {
            "version": "2.0.4",
            "resolved": "https://registry.npmjs.org/inherits/-/inherits-2.0.4.tgz",
            "integrity": "sha512-k/vGaX4/Yla3WzyMCvTQOXYeIHvqOKtnqBduzTHpzpQZzAskKMhZ2K+EnBiSM9zGSoIFeMpXKxa4dYeZIQqewQ=="
        },
        "is-buffer": {
            "version": "1.1.6",
            "resolved": "https://registry.npmjs.org/is-buffer/-/is-buffer-1.1.6.tgz",
            "integrity": "sha512-NcdALwpXkTm5Zvvbk7owOUSvVvBKDgKP5/ewfXEznmQFfs4ZRmanOeKBTjRVjka3QFoN6XJ+9F3USqfHqTaU5w=="
        },
        "l": {
            "version": "git+ssh://git@github.com/panlina/l.git#10c224365aa6b7a847b63a567c624dd2cab8bb38",
            "from": "l@https://github.com/panlina/l.git",
            "requires": {
                "lodash.groupby": "^4.6.0",
                "ohm-js": "^0.14.0",
                "traverse": "^0.6.6"
            }
        },
        "lodash.groupby": {
            "version": "4.6.0",
            "resolved": "https://registry.npmjs.org/lodash.groupby/-/lodash.groupby-4.6.0.tgz",
            "integrity": "sha512-5dcWxm23+VAoz+awKmBaiBvzox8+RqMgFhi7UvX9DHZr2HdxHXM/Wrf8cfKpsW37RNrvtPn6hSwNqurSILbmJw=="
        },
        "next-tick": {
            "version": "1.1.0",
            "resolved": "https://registry.npmjs.org/next-tick/-/next-tick-1.1.0.tgz",
            "integrity": "sha512-CXdUiJembsNjuToQvxayPZF9Vqht7hewsvy2sOWafLvi2awflj9mOC6bHIg50orX8IJvWKY9wYQ/zB2kogPslQ=="
        },
        "ohm-js": {
            "version": "0.14.0",
            "resolved": "https://registry.npmjs.org/ohm-js/-/ohm-js-0.14.0.tgz",
            "integrity": "sha512-Iuiapfkaf0ZdvuJo9thtE57BT93uNOSIb3/DtwuBNBJiiT28ALzTg++w3HoAXWbQBYPem9Bd8BaNJcDYoABWUA==",
            "requires": {
                "es6-symbol": "^3.1.0",
                "inherits": "^2.0.3",
                "is-buffer": "^1.1.4",
                "util-extend": "^1.0.3"
            }
        },
        "traverse": {
            "version": "0.6.6",
            "resolved": "https://registry.npmjs.org/traverse/-/traverse-0.6.6.tgz",
            "integrity": "sha512-kdf4JKs8lbARxWdp7RKdNzoJBhGUcIalSYibuGyHJbmk40pOysQ0+QPvlkCOICOivDWU2IJo2rkrxyTK2AH4fw=="
        },
        "type": {
            "version": "1.2.0",
            "resolved": "https://registry.npmjs.org/type/-/type-1.2.0.tgz",
            "integrity": "sha512-+5nt5AAniqsCnu2cEQQdpzCAh33kVx8n0VoFidKpB1dVVLAN/F+bgVOqOJqOnEnrhp222clB5p3vUlD+1QAnfg=="
        },
        "typescript": {
            "version": "4.7.4",
            "resolved": "https://registry.npmjs.org/typescript/-/typescript-4.7.4.tgz",
            "integrity": "sha512-C0WQT0gezHuw6AdY1M2jxUO83Rjf0HP7Sk1DtXj6j1EwkQNZrHAg2XPWlq62oqEhYvONq5pkC2Y9oPljWToLmQ==",
            "dev": true
        },
        "util-extend": {
            "version": "1.0.3",
            "resolved": "https://registry.npmjs.org/util-extend/-/util-extend-1.0.3.tgz",
            "integrity": "sha512-mLs5zAK+ctllYBj+iAQvlDCwoxU/WDOUaJkcFudeiAX6OajC6BKXJUa9a+tbtkC11dz2Ufb7h0lyvIOVn4LADA=="
        }
    }
}
